
Microsoft Visual Studio Solution File, Format Version 12.00
# Visual Studio 15
VisualStudioVersion = 15.0.28307.1022
MinimumVisualStudioVersion = 10.0.40219.1
Project("{FAE04EC0-301F-11D3-BF4B-00C04F79EFBC}") = "dibujar asteristicos", "dibujar asteristicos\dibujar asteristicos.csproj", "{E5D87163-5CC0-488E-BD59-4A5FCE12DFA3}"
EndProject
Global
	GlobalSection(SolutionConfigurationPlatforms) = preSolution
		Debug|Any CPU = Debug|Any CPU
		Release|Any CPU = Release|Any CPU
	EndGlobalSection
	GlobalSection(ProjectConfigurationPlatforms) = postSolution
		{E5D87163-5CC0-488E-BD59-4A5FCE12DFA3}.Debug|Any CPU.ActiveCfg = Debug|Any CPU
		{E5D87163-5CC0-488E-BD59-4A5FCE12DFA3}.Debug|Any CPU.Build.0 = Debug|Any CPU
		{E5D87163-5CC0-488E-BD59-4A5FCE12DFA3}.Release|Any CPU.ActiveCfg = Release|Any CPU
		{E5D87163-5CC0-488E-BD59-4A5FCE12DFA3}.Release|Any CPU.Build.0 = Release|Any CPU
	EndGlobalSection
	GlobalSection(SolutionProperties) = preSolution
		HideSolutionNode = FALSE
	EndGlobalSection
	GlobalSection(ExtensibilityGlobals) = postSolution
		SolutionGuid = {4D00D4F8-7298-4065-BA9A-DA61589B0104}
	EndGlobalSection
EndGlobal
