
Microsoft Visual Studio Solution File, Format Version 12.00
# Visual Studio 15
VisualStudioVersion = 15.0.28307.1022
MinimumVisualStudioVersion = 10.0.40219.1
Project("{FAE04EC0-301F-11D3-BF4B-00C04F79EFBC}") = "Batalla", "Batalla\Batalla.csproj", "{F752FCF6-3F8E-4697-A118-C81D12687BF8}"
EndProject
Global
	GlobalSection(SolutionConfigurationPlatforms) = preSolution
		Debug|Any CPU = Debug|Any CPU
		Release|Any CPU = Release|Any CPU
	EndGlobalSection
	GlobalSection(ProjectConfigurationPlatforms) = postSolution
		{F752FCF6-3F8E-4697-A118-C81D12687BF8}.Debug|Any CPU.ActiveCfg = Debug|Any CPU
		{F752FCF6-3F8E-4697-A118-C81D12687BF8}.Debug|Any CPU.Build.0 = Debug|Any CPU
		{F752FCF6-3F8E-4697-A118-C81D12687BF8}.Release|Any CPU.ActiveCfg = Release|Any CPU
		{F752FCF6-3F8E-4697-A118-C81D12687BF8}.Release|Any CPU.Build.0 = Release|Any CPU
	EndGlobalSection
	GlobalSection(SolutionProperties) = preSolution
		HideSolutionNode = FALSE
	EndGlobalSection
	GlobalSection(ExtensibilityGlobals) = postSolution
		SolutionGuid = {EEB04FB9-EA8B-483D-96E3-F6E067AC7206}
	EndGlobalSection
EndGlobal
