
Microsoft Visual Studio Solution File, Format Version 12.00
# Visual Studio 15
VisualStudioVersion = 15.0.28307.1022
MinimumVisualStudioVersion = 10.0.40219.1
Project("{FAE04EC0-301F-11D3-BF4B-00C04F79EFBC}") = "digaonal principal", "digaonal principal\digaonal principal.csproj", "{409F6FD7-47A5-4B7F-806F-46A904DCED39}"
EndProject
Global
	GlobalSection(SolutionConfigurationPlatforms) = preSolution
		Debug|Any CPU = Debug|Any CPU
		Release|Any CPU = Release|Any CPU
	EndGlobalSection
	GlobalSection(ProjectConfigurationPlatforms) = postSolution
		{409F6FD7-47A5-4B7F-806F-46A904DCED39}.Debug|Any CPU.ActiveCfg = Debug|Any CPU
		{409F6FD7-47A5-4B7F-806F-46A904DCED39}.Debug|Any CPU.Build.0 = Debug|Any CPU
		{409F6FD7-47A5-4B7F-806F-46A904DCED39}.Release|Any CPU.ActiveCfg = Release|Any CPU
		{409F6FD7-47A5-4B7F-806F-46A904DCED39}.Release|Any CPU.Build.0 = Release|Any CPU
	EndGlobalSection
	GlobalSection(SolutionProperties) = preSolution
		HideSolutionNode = FALSE
	EndGlobalSection
	GlobalSection(ExtensibilityGlobals) = postSolution
		SolutionGuid = {B4F3FBC9-E33E-4919-A91C-36F6B49C3BE9}
	EndGlobalSection
EndGlobal
